// !$*UTF8*$!
{
	archiveVersion = 1;
	classes = {
	};
	objectVersion = 50;
	objects = {

/* Begin PBXBuildFile section */
		8C14B43922408C1C00E1715C /* AppDelegate.m in Sources */ = {isa = PBXBuildFile; fileRef = 8C14B43822408C1C00E1715C /* AppDelegate.m */; };
		8C14B43C22408C1C00E1715C /* ViewController.m in Sources */ = {isa = PBXBuildFile; fileRef = 8C14B43B22408C1C00E1715C /* ViewController.m */; };
		8C14B43F22408C1C00E1715C /* Main.storyboard in Resources */ = {isa = PBXBuildFile; fileRef = 8C14B43D22408C1C00E1715C /* Main.storyboard */; };
		8C14B44122408C1E00E1715C /* Assets.xcassets in Resources */ = {isa = PBXBuildFile; fileRef = 8C14B44022408C1E00E1715C /* Assets.xcassets */; };
		8C14B44422408C1E00E1715C /* LaunchScreen.storyboard in Resources */ = {isa = PBXBuildFile; fileRef = 8C14B44222408C1E00E1715C /* LaunchScreen.storyboard */; };
		8C14B44722408C1E00E1715C /* main.m in Sources */ = {isa = PBXBuildFile; fileRef = 8C14B44622408C1E00E1715C /* main.m */; };
		8C14B45122408C1E00E1715C /* BluetoothManagerTests.m in Sources */ = {isa = PBXBuildFile; fileRef = 8C14B45022408C1E00E1715C /* BluetoothManagerTests.m */; };
		8C14B45C22408C1E00E1715C /* BluetoothManagerUITests.m in Sources */ = {isa = PBXBuildFile; fileRef = 8C14B45B22408C1E00E1715C /* BluetoothManagerUITests.m */; };
		8C14B46C22408CB600E1715C /* ZYBluetoothManager.m in Sources */ = {isa = PBXBuildFile; fileRef = 8C14B46B22408CB600E1715C /* ZYBluetoothManager.m */; };
		8C14B46F2240D27400E1715C /* ZYHandleDataManager.m in Sources */ = {isa = PBXBuildFile; fileRef = 8C14B46E2240D27400E1715C /* ZYHandleDataManager.m */; };
/* End PBXBuildFile section */

/* Begin PBXContainerItemProxy section */
		8C14B44D22408C1E00E1715C /* PBXContainerItemProxy */ = {
			isa = PBXContainerItemProxy;
			containerPortal = 8C14B42C22408C1C00E1715C /* Project object */;
			proxyType = 1;
			remoteGlobalIDString = 8C14B43322408C1C00E1715C;
			remoteInfo = BluetoothManager;
		};
		8C14B45822408C1E00E1715C /* PBXContainerItemProxy */ = {
			isa = PBXContainerItemProxy;
			containerPortal = 8C14B42C22408C1C00E1715C /* Project object */;
			proxyType = 1;
			remoteGlobalIDString = 8C14B43322408C1C00E1715C;
			remoteInfo = BluetoothManager;
		};
/* End PBXContainerItemProxy section */

/* Begin PBXFileReference section */
		8C14B43422408C1C00E1715C /* BluetoothManager.app */ = {isa = PBXFileReference; explicitFileType = wrapper.application; includeInIndex = 0; path = BluetoothManager.app; sourceTree = BUILT_PRODUCTS_DIR; };
		8C14B43722408C1C00E1715C /* AppDelegate.h */ = {isa = PBXFileReference; lastKnownFileType = sourcecode.c.h; path = AppDelegate.h; sourceTree = "<group>"; };
		8C14B43822408C1C00E1715C /* AppDelegate.m */ = {isa = PBXFileReference; lastKnownFileType = sourcecode.c.objc; path = AppDelegate.m; sourceTree = "<group>"; };
		8C14B43A22408C1C00E1715C /* ViewController.h */ = {isa = PBXFileReference; lastKnownFileType = sourcecode.c.h; path = ViewController.h; sourceTree = "<group>"; };
		8C14B43B22408C1C00E1715C /* ViewController.m */ = {isa = PBXFileReference; lastKnownFileType = sourcecode.c.objc; path = ViewController.m; sourceTree = "<group>"; };
		8C14B43E22408C1C00E1715C /* Base */ = {isa = PBXFileReference; lastKnownFileType = file.storyboard; name = Base; path = Base.lproj/Main.storyboard; sourceTree = "<group>"; };
		8C14B44022408C1E00E1715C /* Assets.xcassets */ = {isa = PBXFileReference; lastKnownFileType = folder.assetcatalog; path = Assets.xcassets; sourceTree = "<group>"; };
		8C14B44322408C1E00E1715C /* Base */ = {isa = PBXFileReference; lastKnownFileType = file.storyboard; name = Base; path = Base.lproj/LaunchScreen.storyboard; sourceTree = "<group>"; };
		8C14B44522408C1E00E1715C /* Info.plist */ = {isa = PBXFileReference; lastKnownFileType = text.plist.xml; path = Info.plist; sourceTree = "<group>"; };
		8C14B44622408C1E00E1715C /* main.m */ = {isa = PBXFileReference; lastKnownFileType = sourcecode.c.objc; path = main.m; sourceTree = "<group>"; };
		8C14B44C22408C1E00E1715C /* BluetoothManagerTests.xctest */ = {isa = PBXFileReference; explicitFileType = wrapper.cfbundle; includeInIndex = 0; path = BluetoothManagerTests.xctest; sourceTree = BUILT_PRODUCTS_DIR; };
		8C14B45022408C1E00E1715C /* BluetoothManagerTests.m */ = {isa = PBXFileReference; lastKnownFileType = sourcecode.c.objc; path = BluetoothManagerTests.m; sourceTree = "<group>"; };
		8C14B45222408C1E00E1715C /* Info.plist */ = {isa = PBXFileReference; lastKnownFileType = text.plist.xml; path = Info.plist; sourceTree = "<group>"; };
		8C14B45722408C1E00E1715C /* BluetoothManagerUITests.xctest */ = {isa = PBXFileReference; explicitFileType = wrapper.cfbundle; includeInIndex = 0; path = BluetoothManagerUITests.xctest; sourceTree = BUILT_PRODUCTS_DIR; };
		8C14B45B22408C1E00E1715C /* BluetoothManagerUITests.m */ = {isa = PBXFileReference; lastKnownFileType = sourcecode.c.objc; path = BluetoothManagerUITests.m; sourceTree = "<group>"; };
		8C14B45D22408C1E00E1715C /* Info.plist */ = {isa = PBXFileReference; lastKnownFileType = text.plist.xml; path = Info.plist; sourceTree = "<group>"; };
		8C14B46A22408CB600E1715C /* ZYBluetoothManager.h */ = {isa = PBXFileReference; lastKnownFileType = sourcecode.c.h; path = ZYBluetoothManager.h; sourceTree = "<group>"; };
		8C14B46B22408CB600E1715C /* ZYBluetoothManager.m */ = {isa = PBXFileReference; lastKnownFileType = sourcecode.c.objc; path = ZYBluetoothManager.m; sourceTree = "<group>"; };
		8C14B46D2240D27400E1715C /* ZYHandleDataManager.h */ = {isa = PBXFileReference; lastKnownFileType = sourcecode.c.h; path = ZYHandleDataManager.h; sourceTree = "<group>"; };
		8C14B46E2240D27400E1715C /* ZYHandleDataManager.m */ = {isa = PBXFileReference; lastKnownFileType = sourcecode.c.objc; path = ZYHandleDataManager.m; sourceTree = "<group>"; };
		8C14B4732240ECE800E1715C /* PrefixHeader.pch */ = {isa = PBXFileReference; lastKnownFileType = sourcecode.c.h; path = PrefixHeader.pch; sourceTree = "<group>"; };
/* End PBXFileReference section */

/* Begin PBXFrameworksBuildPhase section */
		8C14B43122408C1C00E1715C /* Frameworks */ = {
			isa = PBXFrameworksBuildPhase;
			buildActionMask = 2147483647;
			files = (
			);
			runOnlyForDeploymentPostprocessing = 0;
		};
		8C14B44922408C1E00E1715C /* Frameworks */ = {
			isa = PBXFrameworksBuildPhase;
			buildActionMask = 2147483647;
			files = (
			);
			runOnlyForDeploymentPostprocessing = 0;
		};
		8C14B45422408C1E00E1715C /* Frameworks */ = {
			isa = PBXFrameworksBuildPhase;
			buildActionMask = 2147483647;
			files = (
			);
			runOnlyForDeploymentPostprocessing = 0;
		};
/* End PBXFrameworksBuildPhase section */

/* Begin PBXGroup section */
		8C14B42B22408C1C00E1715C = {
			isa = PBXGroup;
			children = (
				8C14B43622408C1C00E1715C /* BluetoothManager */,
				8C14B44F22408C1E00E1715C /* BluetoothManagerTests */,
				8C14B45A22408C1E00E1715C /* BluetoothManagerUITests */,
				8C14B43522408C1C00E1715C /* Products */,
			);
			sourceTree = "<group>";
		};
		8C14B43522408C1C00E1715C /* Products */ = {
			isa = PBXGroup;
			children = (
				8C14B43422408C1C00E1715C /* BluetoothManager.app */,
				8C14B44C22408C1E00E1715C /* BluetoothManagerTests.xctest */,
				8C14B45722408C1E00E1715C /* BluetoothManagerUITests.xctest */,
			);
			name = Products;
			sourceTree = "<group>";
		};
		8C14B43622408C1C00E1715C /* BluetoothManager */ = {
			isa = PBXGroup;
			children = (
				8C14B46922408C9A00E1715C /* Manager */,
				8C14B43722408C1C00E1715C /* AppDelegate.h */,
				8C14B43822408C1C00E1715C /* AppDelegate.m */,
				8C14B43A22408C1C00E1715C /* ViewController.h */,
				8C14B43B22408C1C00E1715C /* ViewController.m */,
				8C14B43D22408C1C00E1715C /* Main.storyboard */,
				8C14B44022408C1E00E1715C /* Assets.xcassets */,
				8C14B44222408C1E00E1715C /* LaunchScreen.storyboard */,
				8C14B44522408C1E00E1715C /* Info.plist */,
				8C14B44622408C1E00E1715C /* main.m */,
				8C14B4732240ECE800E1715C /* PrefixHeader.pch */,
			);
			path = BluetoothManager;
			sourceTree = "<group>";
		};
		8C14B44F22408C1E00E1715C /* BluetoothManagerTests */ = {
			isa = PBXGroup;
			children = (
				8C14B45022408C1E00E1715C /* BluetoothManagerTests.m */,
				8C14B45222408C1E00E1715C /* Info.plist */,
			);
			path = BluetoothManagerTests;
			sourceTree = "<group>";
		};
		8C14B45A22408C1E00E1715C /* BluetoothManagerUITests */ = {
			isa = PBXGroup;
			children = (
				8C14B45B22408C1E00E1715C /* BluetoothManagerUITests.m */,
				8C14B45D22408C1E00E1715C /* Info.plist */,
			);
			path = BluetoothManagerUITests;
			sourceTree = "<group>";
		};
		8C14B46922408C9A00E1715C /* Manager */ = {
			isa = PBXGroup;
			children = (
				8C14B46A22408CB600E1715C /* ZYBluetoothManager.h */,
				8C14B46B22408CB600E1715C /* ZYBluetoothManager.m */,
				8C14B46D2240D27400E1715C /* ZYHandleDataManager.h */,
				8C14B46E2240D27400E1715C /* ZYHandleDataManager.m */,
			);
			path = Manager;
			sourceTree = "<group>";
		};
/* End PBXGroup section */

/* Begin PBXNativeTarget section */
		8C14B43322408C1C00E1715C /* BluetoothManager */ = {
			isa = PBXNativeTarget;
			buildConfigurationList = 8C14B46022408C1E00E1715C /* Build configuration list for PBXNativeTarget "BluetoothManager" */;
			buildPhases = (
				8C14B43022408C1C00E1715C /* Sources */,
				8C14B43122408C1C00E1715C /* Frameworks */,
				8C14B43222408C1C00E1715C /* Resources */,
			);
			buildRules = (
			);
			dependencies = (
			);
			name = BluetoothManager;
			productName = BluetoothManager;
			productReference = 8C14B43422408C1C00E1715C /* BluetoothManager.app */;
			productType = "com.apple.product-type.application";
		};
		8C14B44B22408C1E00E1715C /* BluetoothManagerTests */ = {
			isa = PBXNativeTarget;
			buildConfigurationList = 8C14B46322408C1E00E1715C /* Build configuration list for PBXNativeTarget "BluetoothManagerTests" */;
			buildPhases = (
				8C14B44822408C1E00E1715C /* Sources */,
				8C14B44922408C1E00E1715C /* Frameworks */,
				8C14B44A22408C1E00E1715C /* Resources */,
			);
			buildRules = (
			);
			dependencies = (
				8C14B44E22408C1E00E1715C /* PBXTargetDependency */,
			);
			name = BluetoothManagerTests;
			productName = BluetoothManagerTests;
			productReference = 8C14B44C22408C1E00E1715C /* BluetoothManagerTests.xctest */;
			productType = "com.apple.product-type.bundle.unit-test";
		};
		8C14B45622408C1E00E1715C /* BluetoothManagerUITests */ = {
			isa = PBXNativeTarget;
			buildConfigurationList = 8C14B46622408C1E00E1715C /* Build configuration list for PBXNativeTarget "BluetoothManagerUITests" */;
			buildPhases = (
				8C14B45322408C1E00E1715C /* Sources */,
				8C14B45422408C1E00E1715C /* Frameworks */,
				8C14B45522408C1E00E1715C /* Resources */,
			);
			buildRules = (
			);
			dependencies = (
				8C14B45922408C1E00E1715C /* PBXTargetDependency */,
			);
			name = BluetoothManagerUITests;
			productName = BluetoothManagerUITests;
			productReference = 8C14B45722408C1E00E1715C /* BluetoothManagerUITests.xctest */;
			productType = "com.apple.product-type.bundle.ui-testing";
		};
/* End PBXNativeTarget section */

/* Begin PBXProject section */
		8C14B42C22408C1C00E1715C /* Project object */ = {
			isa = PBXProject;
			attributes = {
				LastUpgradeCheck = 0940;
				ORGANIZATIONNAME = tzyang;
				TargetAttributes = {
					8C14B43322408C1C00E1715C = {
						CreatedOnToolsVersion = 9.4.1;
					};
					8C14B44B22408C1E00E1715C = {
						CreatedOnToolsVersion = 9.4.1;
						TestTargetID = 8C14B43322408C1C00E1715C;
					};
					8C14B45622408C1E00E1715C = {
						CreatedOnToolsVersion = 9.4.1;
						TestTargetID = 8C14B43322408C1C00E1715C;
					};
				};
			};
			buildConfigurationList = 8C14B42F22408C1C00E1715C /* Build configuration list for PBXProject "BluetoothManager" */;
			compatibilityVersion = "Xcode 9.3";
			developmentRegion = en;
			hasScannedForEncodings = 0;
			knownRegions = (
				en,
				Base,
			);
			mainGroup = 8C14B42B22408C1C00E1715C;
			productRefGroup = 8C14B43522408C1C00E1715C /* Products */;
			projectDirPath = "";
			projectRoot = "";
			targets = (
				8C14B43322408C1C00E1715C /* BluetoothManager */,
				8C14B44B22408C1E00E1715C /* BluetoothManagerTests */,
				8C14B45622408C1E00E1715C /* BluetoothManagerUITests */,
			);
		};
/* End PBXProject section */

/* Begin PBXResourcesBuildPhase section */
		8C14B43222408C1C00E1715C /* Resources */ = {
			isa = PBXResourcesBuildPhase;
			buildActionMask = 2147483647;
			files = (
				8C14B44422408C1E00E1715C /* LaunchScreen.storyboard in Resources */,
				8C14B44122408C1E00E1715C /* Assets.xcassets in Resources */,
				8C14B43F22408C1C00E1715C /* Main.storyboard in Resources */,
			);
			runOnlyForDeploymentPostprocessing = 0;
		};
		8C14B44A22408C1E00E1715C /* Resources */ = {
			isa = PBXResourcesBuildPhase;
			buildActionMask = 2147483647;
			files = (
			);
			runOnlyForDeploymentPostprocessing = 0;
		};
		8C14B45522408C1E00E1715C /* Resources */ = {
			isa = PBXResourcesBuildPhase;
			buildActionMask = 2147483647;
			files = (
			);
			runOnlyForDeploymentPostprocessing = 0;
		};
/* End PBXResourcesBuildPhase section */

/* Begin PBXSourcesBuildPhase section */
		8C14B43022408C1C00E1715C /* Sources */ = {
			isa = PBXSourcesBuildPhase;
			buildActionMask = 2147483647;
			files = (
				8C14B43C22408C1C00E1715C /* ViewController.m in Sources */,
				8C14B44722408C1E00E1715C /* main.m in Sources */,
				8C14B43922408C1C00E1715C /* AppDelegate.m in Sources */,
				8C14B46F2240D27400E1715C /* ZYHandleDataManager.m in Sources */,
				8C14B46C22408CB600E1715C /* ZYBluetoothManager.m in Sources */,
			);
			runOnlyForDeploymentPostprocessing = 0;
		};
		8C14B44822408C1E00E1715C /* Sources */ = {
			isa = PBXSourcesBuildPhase;
			buildActionMask = 2147483647;
			files = (
				8C14B45122408C1E00E1715C /* BluetoothManagerTests.m in Sources */,
			);
			runOnlyForDeploymentPostprocessing = 0;
		};
		8C14B45322408C1E00E1715C /* Sources */ = {
			isa = PBXSourcesBuildPhase;
			buildActionMask = 2147483647;
			files = (
				8C14B45C22408C1E00E1715C /* BluetoothManagerUITests.m in Sources */,
			);
			runOnlyForDeploymentPostprocessing = 0;
		};
/* End PBXSourcesBuildPhase section */

/* Begin PBXTargetDependency section */
		8C14B44E22408C1E00E1715C /* PBXTargetDependency */ = {
			isa = PBXTargetDependency;
			target = 8C14B43322408C1C00E1715C /* BluetoothManager */;
			targetProxy = 8C14B44D22408C1E00E1715C /* PBXContainerItemProxy */;
		};
		8C14B45922408C1E00E1715C /* PBXTargetDependency */ = {
			isa = PBXTargetDependency;
			target = 8C14B43322408C1C00E1715C /* BluetoothManager */;
			targetProxy = 8C14B45822408C1E00E1715C /* PBXContainerItemProxy */;
		};
/* End PBXTargetDependency section */

/* Begin PBXVariantGroup section */
		8C14B43D22408C1C00E1715C /* Main.storyboard */ = {
			isa = PBXVariantGroup;
			children = (
				8C14B43E22408C1C00E1715C /* Base */,
			);
			name = Main.storyboard;
			sourceTree = "<group>";
		};
		8C14B44222408C1E00E1715C /* LaunchScreen.storyboard */ = {
			isa = PBXVariantGroup;
			children = (
				8C14B44322408C1E00E1715C /* Base */,
			);
			name = LaunchScreen.storyboard;
			sourceTree = "<group>";
		};
/* End PBXVariantGroup section */

/* Begin XCBuildConfiguration section */
		8C14B45E22408C1E00E1715C /* Debug */ = {
			isa = XCBuildConfiguration;
			buildSettings = {
				ALWAYS_SEARCH_USER_PATHS = NO;
				CLANG_ANALYZER_NONNULL = YES;
				CLANG_ANALYZER_NUMBER_OBJECT_CONVERSION = YES_AGGRESSIVE;
				CLANG_CXX_LANGUAGE_STANDARD = "gnu++14";
				CLANG_CXX_LIBRARY = "libc++";
				CLANG_ENABLE_MODULES = YES;
				CLANG_ENABLE_OBJC_ARC = YES;
				CLANG_ENABLE_OBJC_WEAK = YES;
				CLANG_WARN_BLOCK_CAPTURE_AUTORELEASING = YES;
				CLANG_WARN_BOOL_CONVERSION = YES;
				CLANG_WARN_COMMA = YES;
				CLANG_WARN_CONSTANT_CONVERSION = YES;
				CLANG_WARN_DEPRECATED_OBJC_IMPLEMENTATIONS = YES;
				CLANG_WARN_DIRECT_OBJC_ISA_USAGE = YES_ERROR;
				CLANG_WARN_DOCUMENTATION_COMMENTS = YES;
				CLANG_WARN_EMPTY_BODY = YES;
				CLANG_WARN_ENUM_CONVERSION = YES;
				CLANG_WARN_INFINITE_RECURSION = YES;
				CLANG_WARN_INT_CONVERSION = YES;
				CLANG_WARN_NON_LITERAL_NULL_CONVERSION = YES;
				CLANG_WARN_OBJC_IMPLICIT_RETAIN_SELF = YES;
				CLANG_WARN_OBJC_LITERAL_CONVERSION = YES;
				CLANG_WARN_OBJC_ROOT_CLASS = YES_ERROR;
				CLANG_WARN_RANGE_LOOP_ANALYSIS = YES;
				CLANG_WARN_STRICT_PROTOTYPES = YES;
				CLANG_WARN_SUSPICIOUS_MOVE = YES;
				CLANG_WARN_UNGUARDED_AVAILABILITY = YES_AGGRESSIVE;
				CLANG_WARN_UNREACHABLE_CODE = YES;
				CLANG_WARN__DUPLICATE_METHOD_MATCH = YES;
				CODE_SIGN_IDENTITY = "iPhone Developer";
				COPY_PHASE_STRIP = NO;
				DEBUG_INFORMATION_FORMAT = dwarf;
				ENABLE_STRICT_OBJC_MSGSEND = YES;
				ENABLE_TESTABILITY = YES;
				GCC_C_LANGUAGE_STANDARD = gnu11;
				GCC_DYNAMIC_NO_PIC = NO;
				GCC_NO_COMMON_BLOCKS = YES;
				GCC_OPTIMIZATION_LEVEL = 0;
				GCC_PREPROCESSOR_DEFINITIONS = (
					"DEBUG=1",
					"$(inherited)",
				);
				GCC_WARN_64_TO_32_BIT_CONVERSION = YES;
				GCC_WARN_ABOUT_RETURN_TYPE = YES_ERROR;
				GCC_WARN_UNDECLARED_SELECTOR = YES;
				GCC_WARN_UNINITIALIZED_AUTOS = YES_AGGRESSIVE;
				GCC_WARN_UNUSED_FUNCTION = YES;
				GCC_WARN_UNUSED_VARIABLE = YES;
				IPHONEOS_DEPLOYMENT_TARGET = 11.4;
				MTL_ENABLE_DEBUG_INFO = YES;
				ONLY_ACTIVE_ARCH = YES;
				SDKROOT = iphoneos;
			};
			name = Debug;
		};
		8C14B45F22408C1E00E1715C /* Release */ = {
			isa = XCBuildConfiguration;
			buildSettings = {
				ALWAYS_SEARCH_USER_PATHS = NO;
				CLANG_ANALYZER_NONNULL = YES;
				CLANG_ANALYZER_NUMBER_OBJECT_CONVERSION = YES_AGGRESSIVE;
				CLANG_CXX_LANGUAGE_STANDARD = "gnu++14";
				CLANG_CXX_LIBRARY = "libc++";
				CLANG_ENABLE_MODULES = YES;
				CLANG_ENABLE_OBJC_ARC = YES;
				CLANG_ENABLE_OBJC_WEAK = YES;
				CLANG_WARN_BLOCK_CAPTURE_AUTORELEASING = YES;
				CLANG_WARN_BOOL_CONVERSION = YES;
				CLANG_WARN_COMMA = YES;
				CLANG_WARN_CONSTANT_CONVERSION = YES;
				CLANG_WARN_DEPRECATED_OBJC_IMPLEMENTATIONS = YES;
				CLANG_WARN_DIRECT_OBJC_ISA_USAGE = YES_ERROR;
				CLANG_WARN_DOCUMENTATION_COMMENTS = YES;
				CLANG_WARN_EMPTY_BODY = YES;
				CLANG_WARN_ENUM_CONVERSION = YES;
				CLANG_WARN_INFINITE_RECURSION = YES;
				CLANG_WARN_INT_CONVERSION = YES;
				CLANG_WARN_NON_LITERAL_NULL_CONVERSION = YES;
				CLANG_WARN_OBJC_IMPLICIT_RETAIN_SELF = YES;
				CLANG_WARN_OBJC_LITERAL_CONVERSION = YES;
				CLANG_WARN_OBJC_ROOT_CLASS = YES_ERROR;
				CLANG_WARN_RANGE_LOOP_ANALYSIS = YES;
				CLANG_WARN_STRICT_PROTOTYPES = YES;
				CLANG_WARN_SUSPICIOUS_MOVE = YES;
				CLANG_WARN_UNGUARDED_AVAILABILITY = YES_AGGRESSIVE;
				CLANG_WARN_UNREACHABLE_CODE = YES;
				CLANG_WARN__DUPLICATE_METHOD_MATCH = YES;
				CODE_SIGN_IDENTITY = "iPhone Developer";
				COPY_PHASE_STRIP = NO;
				DEBUG_INFORMATION_FORMAT = "dwarf-with-dsym";
				ENABLE_NS_ASSERTIONS = NO;
				ENABLE_STRICT_OBJC_MSGSEND = YES;
				GCC_C_LANGUAGE_STANDARD = gnu11;
				GCC_NO_COMMON_BLOCKS = YES;
				GCC_WARN_64_TO_32_BIT_CONVERSION = YES;
				GCC_WARN_ABOUT_RETURN_TYPE = YES_ERROR;
				GCC_WARN_UNDECLARED_SELECTOR = YES;
				GCC_WARN_UNINITIALIZED_AUTOS = YES_AGGRESSIVE;
				GCC_WARN_UNUSED_FUNCTION = YES;
				GCC_WARN_UNUSED_VARIABLE = YES;
				IPHONEOS_DEPLOYMENT_TARGET = 11.4;
				MTL_ENABLE_DEBUG_INFO = NO;
				SDKROOT = iphoneos;
				VALIDATE_PRODUCT = YES;
			};
			name = Release;
		};
		8C14B46122408C1E00E1715C /* Debug */ = {
			isa = XCBuildConfiguration;
			buildSettings = {
				ASSETCATALOG_COMPILER_APPICON_NAME = AppIcon;
				CODE_SIGN_STYLE = Automatic;
				DEVELOPMENT_TEAM = G29335354H;
				GCC_PREFIX_HEADER = "$(SRCROOT)/BluetoothManager/PrefixHeader.pch";
				INFOPLIST_FILE = BluetoothManager/Info.plist;
				IPHONEOS_DEPLOYMENT_TARGET = 9.0;
				LD_RUNPATH_SEARCH_PATHS = (
					"$(inherited)",
					"@executable_path/Frameworks",
				);
				PRODUCT_BUNDLE_IDENTIFIER = com.TongYoung.BluetoothManager;
				PRODUCT_NAME = "$(TARGET_NAME)";
				TARGETED_DEVICE_FAMILY = "1,2";
			};
			name = Debug;
		};
		8C14B46222408C1E00E1715C /* Release */ = {
			isa = XCBuildConfiguration;
			buildSettings = {
				ASSETCATALOG_COMPILER_APPICON_NAME = AppIcon;
				CODE_SIGN_STYLE = Automatic;
				DEVELOPMENT_TEAM = G29335354H;
				GCC_PREFIX_HEADER = "$(SRCROOT)/BluetoothManager/PrefixHeader.pch";
				INFOPLIST_FILE = BluetoothManager/Info.plist;
				IPHONEOS_DEPLOYMENT_TARGET = 9.0;
				LD_RUNPATH_SEARCH_PATHS = (
					"$(inherited)",
					"@executable_path/Frameworks",
				);
				PRODUCT_BUNDLE_IDENTIFIER = com.TongYoung.BluetoothManager;
				PRODUCT_NAME = "$(TARGET_NAME)";
				TARGETED_DEVICE_FAMILY = "1,2";
			};
			name = Release;
		};
		8C14B46422408C1E00E1715C /* Debug */ = {
			isa = XCBuildConfiguration;
			buildSettings = {
				BUNDLE_LOADER = "$(TEST_HOST)";
				CODE_SIGN_STYLE = Automatic;
				DEVELOPMENT_TEAM = GT35SP6ZGH;
				INFOPLIST_FILE = BluetoothManagerTests/Info.plist;
				LD_RUNPATH_SEARCH_PATHS = (
					"$(inherited)",
					"@executable_path/Frameworks",
					"@loader_path/Frameworks",
				);
				PRODUCT_BUNDLE_IDENTIFIER = com.TongYoung.BluetoothManagerTests;
				PRODUCT_NAME = "$(TARGET_NAME)";
				TARGETED_DEVICE_FAMILY = "1,2";
				TEST_HOST = "$(BUILT_PRODUCTS_DIR)/BluetoothManager.app/BluetoothManager";
			};
			name = Debug;
		};
		8C14B46522408C1E00E1715C /* Release */ = {
			isa = XCBuildConfiguration;
			buildSettings = {
				BUNDLE_LOADER = "$(TEST_HOST)";
				CODE_SIGN_STYLE = Automatic;
				DEVELOPMENT_TEAM = GT35SP6ZGH;
				INFOPLIST_FILE = BluetoothManagerTests/Info.plist;
				LD_RUNPATH_SEARCH_PATHS = (
					"$(inherited)",
					"@executable_path/Frameworks",
					"@loader_path/Frameworks",
				);
				PRODUCT_BUNDLE_IDENTIFIER = com.TongYoung.BluetoothManagerTests;
				PRODUCT_NAME = "$(TARGET_NAME)";
				TARGETED_DEVICE_FAMILY = "1,2";
				TEST_HOST = "$(BUILT_PRODUCTS_DIR)/BluetoothManager.app/BluetoothManager";
			};
			name = Release;
		};
		8C14B46722408C1E00E1715C /* Debug */ = {
			isa = XCBuildConfiguration;
			buildSettings = {
				CODE_SIGN_STYLE = Automatic;
				DEVELOPMENT_TEAM = GT35SP6ZGH;
				INFOPLIST_FILE = BluetoothManagerUITests/Info.plist;
				LD_RUNPATH_SEARCH_PATHS = (
					"$(inherited)",
					"@executable_path/Frameworks",
					"@loader_path/Frameworks",
				);
				PRODUCT_BUNDLE_IDENTIFIER = com.TongYoung.BluetoothManagerUITests;
				PRODUCT_NAME = "$(TARGET_NAME)";
				TARGETED_DEVICE_FAMILY = "1,2";
				TEST_TARGET_NAME = BluetoothManager;
			};
			name = Debug;
		};
		8C14B46822408C1E00E1715C /* Release */ = {
			isa = XCBuildConfiguration;
			buildSettings = {
				CODE_SIGN_STYLE = Automatic;
				DEVELOPMENT_TEAM = GT35SP6ZGH;
				INFOPLIST_FILE = BluetoothManagerUITests/Info.plist;
				LD_RUNPATH_SEARCH_PATHS = (
					"$(inherited)",
					"@executable_path/Frameworks",
					"@loader_path/Frameworks",
				);
				PRODUCT_BUNDLE_IDENTIFIER = com.TongYoung.BluetoothManagerUITests;
				PRODUCT_NAME = "$(TARGET_NAME)";
				TARGETED_DEVICE_FAMILY = "1,2";
				TEST_TARGET_NAME = BluetoothManager;
			};
			name = Release;
		};
/* End XCBuildConfiguration section */

/* Begin XCConfigurationList section */
		8C14B42F22408C1C00E1715C /* Build configuration list for PBXProject "BluetoothManager" */ = {
			isa = XCConfigurationList;
			buildConfigurations = (
				8C14B45E22408C1E00E1715C /* Debug */,
				8C14B45F22408C1E00E1715C /* Release */,
			);
			defaultConfigurationIsVisible = 0;
			defaultConfigurationName = Release;
		};
		8C14B46022408C1E00E1715C /* Build configuration list for PBXNativeTarget "BluetoothManager" */ = {
			isa = XCConfigurationList;
			buildConfigurations = (
				8C14B46122408C1E00E1715C /* Debug */,
				8C14B46222408C1E00E1715C /* Release */,
			);
			defaultConfigurationIsVisible = 0;
			defaultConfigurationName = Release;
		};
		8C14B46322408C1E00E1715C /* Build configuration list for PBXNativeTarget "BluetoothManagerTests" */ = {
			isa = XCConfigurationList;
			buildConfigurations = (
				8C14B46422408C1E00E1715C /* Debug */,
				8C14B46522408C1E00E1715C /* Release */,
			);
			defaultConfigurationIsVisible = 0;
			defaultConfigurationName = Release;
		};
		8C14B46622408C1E00E1715C /* Build configuration list for PBXNativeTarget "BluetoothManagerUITests" */ = {
			isa = XCConfigurationList;
			buildConfigurations = (
				8C14B46722408C1E00E1715C /* Debug */,
				8C14B46822408C1E00E1715C /* Release */,
			);
			defaultConfigurationIsVisible = 0;
			defaultConfigurationName = Release;
		};
/* End XCConfigurationList section */
	};
	rootObject = 8C14B42C22408C1C00E1715C /* Project object */;
}
